// !$*UTF8*$!
{
	archiveVersion = 1;
	classes = {
	};
	objectVersion = 50;
	objects = {

/* Begin PBXBuildFile section */
		A2CA56312451D9570040FE26 /* AppDelegate.swift in Sources */ = {isa = PBXBuildFile; fileRef = A2CA56302451D9570040FE26 /* AppDelegate.swift */; };
		A2CA56332451D9570040FE26 /* SceneDelegate.swift in Sources */ = {isa = PBXBuildFile; fileRef = A2CA56322451D9570040FE26 /* SceneDelegate.swift */; };
		A2CA56352451D9570040FE26 /* ViewController.swift in Sources */ = {isa = PBXBuildFile; fileRef = A2CA56342451D9570040FE26 /* ViewController.swift */; };
		A2CA56382451D9570040FE26 /* Main.storyboard in Resources */ = {isa = PBXBuildFile; fileRef = A2CA56362451D9570040FE26 /* Main.storyboard */; };
		A2CA563A2451D9580040FE26 /* Assets.xcassets in Resources */ = {isa = PBXBuildFile; fileRef = A2CA56392451D9580040FE26 /* Assets.xcassets */; };
		A2CA563D2451D9580040FE26 /* LaunchScreen.storyboard in Resources */ = {isa = PBXBuildFile; fileRef = A2CA563B2451D9580040FE26 /* LaunchScreen.storyboard */; };
		A2CA56482451D9580040FE26 /* _05350023_CalculatorTests.swift in Sources */ = {isa = PBXBuildFile; fileRef = A2CA56472451D9580040FE26 /* _05350023_CalculatorTests.swift */; };
		A2CA56532451D9580040FE26 /* _05350023_CalculatorUITests.swift in Sources */ = {isa = PBXBuildFile; fileRef = A2CA56522451D9580040FE26 /* _05350023_CalculatorUITests.swift */; };
		A2E704C1246067C3007374C4 /* Calculator.swift in Sources */ = {isa = PBXBuildFile; fileRef = A2E704C0246067C3007374C4 /* Calculator.swift */; };
/* End PBXBuildFile section */

/* Begin PBXContainerItemProxy section */
		A2CA56442451D9580040FE26 /* PBXContainerItemProxy */ = {
			isa = PBXContainerItemProxy;
			containerPortal = A2CA56252451D9570040FE26 /* Project object */;
			proxyType = 1;
			remoteGlobalIDString = A2CA562C2451D9570040FE26;
			remoteInfo = "105350023-Calculator";
		};
		A2CA564F2451D9580040FE26 /* PBXContainerItemProxy */ = {
			isa = PBXContainerItemProxy;
			containerPortal = A2CA56252451D9570040FE26 /* Project object */;
			proxyType = 1;
			remoteGlobalIDString = A2CA562C2451D9570040FE26;
			remoteInfo = "105350023-Calculator";
		};
/* End PBXContainerItemProxy section */

/* Begin PBXFileReference section */
		A2CA562D2451D9570040FE26 /* 105350023-Calculator.app */ = {isa = PBXFileReference; explicitFileType = wrapper.application; includeInIndex = 0; path = "105350023-Calculator.app"; sourceTree = BUILT_PRODUCTS_DIR; };
		A2CA56302451D9570040FE26 /* AppDelegate.swift */ = {isa = PBXFileReference; lastKnownFileType = sourcecode.swift; path = AppDelegate.swift; sourceTree = "<group>"; };
		A2CA56322451D9570040FE26 /* SceneDelegate.swift */ = {isa = PBXFileReference; lastKnownFileType = sourcecode.swift; path = SceneDelegate.swift; sourceTree = "<group>"; };
		A2CA56342451D9570040FE26 /* ViewController.swift */ = {isa = PBXFileReference; lastKnownFileType = sourcecode.swift; path = ViewController.swift; sourceTree = "<group>"; };
		A2CA56372451D9570040FE26 /* Base */ = {isa = PBXFileReference; lastKnownFileType = file.storyboard; name = Base; path = Base.lproj/Main.storyboard; sourceTree = "<group>"; };
		A2CA56392451D9580040FE26 /* Assets.xcassets */ = {isa = PBXFileReference; lastKnownFileType = folder.assetcatalog; path = Assets.xcassets; sourceTree = "<group>"; };
		A2CA563C2451D9580040FE26 /* Base */ = {isa = PBXFileReference; lastKnownFileType = file.storyboard; name = Base; path = Base.lproj/LaunchScreen.storyboard; sourceTree = "<group>"; };
		A2CA563E2451D9580040FE26 /* Info.plist */ = {isa = PBXFileReference; lastKnownFileType = text.plist.xml; path = Info.plist; sourceTree = "<group>"; };
		A2CA56432451D9580040FE26 /* 105350023-CalculatorTests.xctest */ = {isa = PBXFileReference; explicitFileType = wrapper.cfbundle; includeInIndex = 0; path = "105350023-CalculatorTests.xctest"; sourceTree = BUILT_PRODUCTS_DIR; };
		A2CA56472451D9580040FE26 /* _05350023_CalculatorTests.swift */ = {isa = PBXFileReference; lastKnownFileType = sourcecode.swift; path = _05350023_CalculatorTests.swift; sourceTree = "<group>"; };
		A2CA56492451D9580040FE26 /* Info.plist */ = {isa = PBXFileReference; lastKnownFileType = text.plist.xml; path = Info.plist; sourceTree = "<group>"; };
		A2CA564E2451D9580040FE26 /* 105350023-CalculatorUITests.xctest */ = {isa = PBXFileReference; explicitFileType = wrapper.cfbundle; includeInIndex = 0; path = "105350023-CalculatorUITests.xctest"; sourceTree = BUILT_PRODUCTS_DIR; };
		A2CA56522451D9580040FE26 /* _05350023_CalculatorUITests.swift */ = {isa = PBXFileReference; lastKnownFileType = sourcecode.swift; path = _05350023_CalculatorUITests.swift; sourceTree = "<group>"; };
		A2CA56542451D9580040FE26 /* Info.plist */ = {isa = PBXFileReference; lastKnownFileType = text.plist.xml; path = Info.plist; sourceTree = "<group>"; };
		A2E704C0246067C3007374C4 /* Calculator.swift */ = {isa = PBXFileReference; fileEncoding = 4; lastKnownFileType = sourcecode.swift; path = Calculator.swift; sourceTree = "<group>"; };
/* End PBXFileReference section */

/* Begin PBXFrameworksBuildPhase section */
		A2CA562A2451D9570040FE26 /* Frameworks */ = {
			isa = PBXFrameworksBuildPhase;
			buildActionMask = 2147483647;
			files = (
			);
			runOnlyForDeploymentPostprocessing = 0;
		};
		A2CA56402451D9580040FE26 /* Frameworks */ = {
			isa = PBXFrameworksBuildPhase;
			buildActionMask = 2147483647;
			files = (
			);
			runOnlyForDeploymentPostprocessing = 0;
		};
		A2CA564B2451D9580040FE26 /* Frameworks */ = {
			isa = PBXFrameworksBuildPhase;
			buildActionMask = 2147483647;
			files = (
			);
			runOnlyForDeploymentPostprocessing = 0;
		};
/* End PBXFrameworksBuildPhase section */

/* Begin PBXGroup section */
		A2CA56242451D9570040FE26 = {
			isa = PBXGroup;
			children = (
				A2CA562F2451D9570040FE26 /* 105350023-Calculator */,
				A2CA56462451D9580040FE26 /* 105350023-CalculatorTests */,
				A2CA56512451D9580040FE26 /* 105350023-CalculatorUITests */,
				A2CA562E2451D9570040FE26 /* Products */,
			);
			sourceTree = "<group>";
		};
		A2CA562E2451D9570040FE26 /* Products */ = {
			isa = PBXGroup;
			children = (
				A2CA562D2451D9570040FE26 /* 105350023-Calculator.app */,
				A2CA56432451D9580040FE26 /* 105350023-CalculatorTests.xctest */,
				A2CA564E2451D9580040FE26 /* 105350023-CalculatorUITests.xctest */,
			);
			name = Products;
			sourceTree = "<group>";
		};
		A2CA562F2451D9570040FE26 /* 105350023-Calculator */ = {
			isa = PBXGroup;
			children = (
				A2CA56302451D9570040FE26 /* AppDelegate.swift */,
				A2CA56322451D9570040FE26 /* SceneDelegate.swift */,
				A2CA56342451D9570040FE26 /* ViewController.swift */,
				A2CA56362451D9570040FE26 /* Main.storyboard */,
				A2CA56392451D9580040FE26 /* Assets.xcassets */,
				A2E704C0246067C3007374C4 /* Calculator.swift */,
				A2CA563B2451D9580040FE26 /* LaunchScreen.storyboard */,
				A2CA563E2451D9580040FE26 /* Info.plist */,
			);
			path = "105350023-Calculator";
			sourceTree = "<group>";
		};
		A2CA56462451D9580040FE26 /* 105350023-CalculatorTests */ = {
			isa = PBXGroup;
			children = (
				A2CA56472451D9580040FE26 /* _05350023_CalculatorTests.swift */,
				A2CA56492451D9580040FE26 /* Info.plist */,
			);
			path = "105350023-CalculatorTests";
			sourceTree = "<group>";
		};
		A2CA56512451D9580040FE26 /* 105350023-CalculatorUITests */ = {
			isa = PBXGroup;
			children = (
				A2CA56522451D9580040FE26 /* _05350023_CalculatorUITests.swift */,
				A2CA56542451D9580040FE26 /* Info.plist */,
			);
			path = "105350023-CalculatorUITests";
			sourceTree = "<group>";
		};
/* End PBXGroup section */

/* Begin PBXNativeTarget section */
		A2CA562C2451D9570040FE26 /* 105350023-Calculator */ = {
			isa = PBXNativeTarget;
			buildConfigurationList = A2CA56572451D9580040FE26 /* Build configuration list for PBXNativeTarget "105350023-Calculator" */;
			buildPhases = (
				A2CA56292451D9570040FE26 /* Sources */,
				A2CA562A2451D9570040FE26 /* Frameworks */,
				A2CA562B2451D9570040FE26 /* Resources */,
			);
			buildRules = (
			);
			dependencies = (
			);
			name = "105350023-Calculator";
			productName = "105350023-Calculator";
			productReference = A2CA562D2451D9570040FE26 /* 105350023-Calculator.app */;
			productType = "com.apple.product-type.application";
		};
		A2CA56422451D9580040FE26 /* 105350023-CalculatorTests */ = {
			isa = PBXNativeTarget;
			buildConfigurationList = A2CA565A2451D9580040FE26 /* Build configuration list for PBXNativeTarget "105350023-CalculatorTests" */;
			buildPhases = (
				A2CA563F2451D9580040FE26 /* Sources */,
				A2CA56402451D9580040FE26 /* Frameworks */,
				A2CA56412451D9580040FE26 /* Resources */,
			);
			buildRules = (
			);
			dependencies = (
				A2CA56452451D9580040FE26 /* PBXTargetDependency */,
			);
			name = "105350023-CalculatorTests";
			productName = "105350023-CalculatorTests";
			productReference = A2CA56432451D9580040FE26 /* 105350023-CalculatorTests.xctest */;
			productType = "com.apple.product-type.bundle.unit-test";
		};
		A2CA564D2451D9580040FE26 /* 105350023-CalculatorUITests */ = {
			isa = PBXNativeTarget;
			buildConfigurationList = A2CA565D2451D9580040FE26 /* Build configuration list for PBXNativeTarget "105350023-CalculatorUITests" */;
			buildPhases = (
				A2CA564A2451D9580040FE26 /* Sources */,
				A2CA564B2451D9580040FE26 /* Frameworks */,
				A2CA564C2451D9580040FE26 /* Resources */,
			);
			buildRules = (
			);
			dependencies = (
				A2CA56502451D9580040FE26 /* PBXTargetDependency */,
			);
			name = "105350023-CalculatorUITests";
			productName = "105350023-CalculatorUITests";
			productReference = A2CA564E2451D9580040FE26 /* 105350023-CalculatorUITests.xctest */;
			productType = "com.apple.product-type.bundle.ui-testing";
		};
/* End PBXNativeTarget section */

/* Begin PBXProject section */
		A2CA56252451D9570040FE26 /* Project object */ = {
			isa = PBXProject;
			attributes = {
				LastSwiftUpdateCheck = 1130;
				LastUpgradeCheck = 1130;
				ORGANIZATIONNAME = "Wen Hsin-Yu";
				TargetAttributes = {
					A2CA562C2451D9570040FE26 = {
						CreatedOnToolsVersion = 11.3.1;
					};
					A2CA56422451D9580040FE26 = {
						CreatedOnToolsVersion = 11.3.1;
						TestTargetID = A2CA562C2451D9570040FE26;
					};
					A2CA564D2451D9580040FE26 = {
						CreatedOnToolsVersion = 11.3.1;
						TestTargetID = A2CA562C2451D9570040FE26;
					};
				};
			};
			buildConfigurationList = A2CA56282451D9570040FE26 /* Build configuration list for PBXProject "105350023-Calculator" */;
			compatibilityVersion = "Xcode 9.3";
			developmentRegion = en;
			hasScannedForEncodings = 0;
			knownRegions = (
				en,
				Base,
			);
			mainGroup = A2CA56242451D9570040FE26;
			productRefGroup = A2CA562E2451D9570040FE26 /* Products */;
			projectDirPath = "";
			projectRoot = "";
			targets = (
				A2CA562C2451D9570040FE26 /* 105350023-Calculator */,
				A2CA56422451D9580040FE26 /* 105350023-CalculatorTests */,
				A2CA564D2451D9580040FE26 /* 105350023-CalculatorUITests */,
			);
		};
/* End PBXProject section */

/* Begin PBXResourcesBuildPhase section */
		A2CA562B2451D9570040FE26 /* Resources */ = {
			isa = PBXResourcesBuildPhase;
			buildActionMask = 2147483647;
			files = (
				A2CA563D2451D9580040FE26 /* LaunchScreen.storyboard in Resources */,
				A2CA563A2451D9580040FE26 /* Assets.xcassets in Resources */,
				A2CA56382451D9570040FE26 /* Main.storyboard in Resources */,
			);
			runOnlyForDeploymentPostprocessing = 0;
		};
		A2CA56412451D9580040FE26 /* Resources */ = {
			isa = PBXResourcesBuildPhase;
			buildActionMask = 2147483647;
			files = (
			);
			runOnlyForDeploymentPostprocessing = 0;
		};
		A2CA564C2451D9580040FE26 /* Resources */ = {
			isa = PBXResourcesBuildPhase;
			buildActionMask = 2147483647;
			files = (
			);
			runOnlyForDeploymentPostprocessing = 0;
		};
/* End PBXResourcesBuildPhase section */

/* Begin PBXSourcesBuildPhase section */
		A2CA56292451D9570040FE26 /* Sources */ = {
			isa = PBXSourcesBuildPhase;
			buildActionMask = 2147483647;
			files = (
				A2CA56352451D9570040FE26 /* ViewController.swift in Sources */,
				A2CA56312451D9570040FE26 /* AppDelegate.swift in Sources */,
				A2E704C1246067C3007374C4 /* Calculator.swift in Sources */,
				A2CA56332451D9570040FE26 /* SceneDelegate.swift in Sources */,
			);
			runOnlyForDeploymentPostprocessing = 0;
		};
		A2CA563F2451D9580040FE26 /* Sources */ = {
			isa = PBXSourcesBuildPhase;
			buildActionMask = 2147483647;
			files = (
				A2CA56482451D9580040FE26 /* _05350023_CalculatorTests.swift in Sources */,
			);
			runOnlyForDeploymentPostprocessing = 0;
		};
		A2CA564A2451D9580040FE26 /* Sources */ = {
			isa = PBXSourcesBuildPhase;
			buildActionMask = 2147483647;
			files = (
				A2CA56532451D9580040FE26 /* _05350023_CalculatorUITests.swift in Sources */,
			);
			runOnlyForDeploymentPostprocessing = 0;
		};
/* End PBXSourcesBuildPhase section */

/* Begin PBXTargetDependency section */
		A2CA56452451D9580040FE26 /* PBXTargetDependency */ = {
			isa = PBXTargetDependency;
			target = A2CA562C2451D9570040FE26 /* 105350023-Calculator */;
			targetProxy = A2CA56442451D9580040FE26 /* PBXContainerItemProxy */;
		};
		A2CA56502451D9580040FE26 /* PBXTargetDependency */ = {
			isa = PBXTargetDependency;
			target = A2CA562C2451D9570040FE26 /* 105350023-Calculator */;
			targetProxy = A2CA564F2451D9580040FE26 /* PBXContainerItemProxy */;
		};
/* End PBXTargetDependency section */

/* Begin PBXVariantGroup section */
		A2CA56362451D9570040FE26 /* Main.storyboard */ = {
			isa = PBXVariantGroup;
			children = (
				A2CA56372451D9570040FE26 /* Base */,
			);
			name = Main.storyboard;
			sourceTree = "<group>";
		};
		A2CA563B2451D9580040FE26 /* LaunchScreen.storyboard */ = {
			isa = PBXVariantGroup;
			children = (
				A2CA563C2451D9580040FE26 /* Base */,
			);
			name = LaunchScreen.storyboard;
			sourceTree = "<group>";
		};
/* End PBXVariantGroup section */

/* Begin XCBuildConfiguration section */
		A2CA56552451D9580040FE26 /* Debug */ = {
			isa = XCBuildConfiguration;
			buildSettings = {
				ALWAYS_SEARCH_USER_PATHS = NO;
				CLANG_ANALYZER_NONNULL = YES;
				CLANG_ANALYZER_NUMBER_OBJECT_CONVERSION = YES_AGGRESSIVE;
				CLANG_CXX_LANGUAGE_STANDARD = "gnu++14";
				CLANG_CXX_LIBRARY = "libc++";
				CLANG_ENABLE_MODULES = YES;
				CLANG_ENABLE_OBJC_ARC = YES;
				CLANG_ENABLE_OBJC_WEAK = YES;
				CLANG_WARN_BLOCK_CAPTURE_AUTORELEASING = YES;
				CLANG_WARN_BOOL_CONVERSION = YES;
				CLANG_WARN_COMMA = YES;
				CLANG_WARN_CONSTANT_CONVERSION = YES;
				CLANG_WARN_DEPRECATED_OBJC_IMPLEMENTATIONS = YES;
				CLANG_WARN_DIRECT_OBJC_ISA_USAGE = YES_ERROR;
				CLANG_WARN_DOCUMENTATION_COMMENTS = YES;
				CLANG_WARN_EMPTY_BODY = YES;
				CLANG_WARN_ENUM_CONVERSION = YES;
				CLANG_WARN_INFINITE_RECURSION = YES;
				CLANG_WARN_INT_CONVERSION = YES;
				CLANG_WARN_NON_LITERAL_NULL_CONVERSION = YES;
				CLANG_WARN_OBJC_IMPLICIT_RETAIN_SELF = YES;
				CLANG_WARN_OBJC_LITERAL_CONVERSION = YES;
				CLANG_WARN_OBJC_ROOT_CLASS = YES_ERROR;
				CLANG_WARN_RANGE_LOOP_ANALYSIS = YES;
				CLANG_WARN_STRICT_PROTOTYPES = YES;
				CLANG_WARN_SUSPICIOUS_MOVE = YES;
				CLANG_WARN_UNGUARDED_AVAILABILITY = YES_AGGRESSIVE;
				CLANG_WARN_UNREACHABLE_CODE = YES;
				CLANG_WARN__DUPLICATE_METHOD_MATCH = YES;
				COPY_PHASE_STRIP = NO;
				DEBUG_INFORMATION_FORMAT = dwarf;
				ENABLE_STRICT_OBJC_MSGSEND = YES;
				ENABLE_TESTABILITY = YES;
				GCC_C_LANGUAGE_STANDARD = gnu11;
				GCC_DYNAMIC_NO_PIC = NO;
				GCC_NO_COMMON_BLOCKS = YES;
				GCC_OPTIMIZATION_LEVEL = 0;
				GCC_PREPROCESSOR_DEFINITIONS = (
					"DEBUG=1",
					"$(inherited)",
				);
				GCC_WARN_64_TO_32_BIT_CONVERSION = YES;
				GCC_WARN_ABOUT_RETURN_TYPE = YES_ERROR;
				GCC_WARN_UNDECLARED_SELECTOR = YES;
				GCC_WARN_UNINITIALIZED_AUTOS = YES_AGGRESSIVE;
				GCC_WARN_UNUSED_FUNCTION = YES;
				GCC_WARN_UNUSED_VARIABLE = YES;
				IPHONEOS_DEPLOYMENT_TARGET = 13.2;
				MTL_ENABLE_DEBUG_INFO = INCLUDE_SOURCE;
				MTL_FAST_MATH = YES;
				ONLY_ACTIVE_ARCH = YES;
				SDKROOT = iphoneos;
				SWIFT_ACTIVE_COMPILATION_CONDITIONS = DEBUG;
				SWIFT_OPTIMIZATION_LEVEL = "-Onone";
			};
			name = Debug;
		};
		A2CA56562451D9580040FE26 /* Release */ = {
			isa = XCBuildConfiguration;
			buildSettings = {
				ALWAYS_SEARCH_USER_PATHS = NO;
				CLANG_ANALYZER_NONNULL = YES;
				CLANG_ANALYZER_NUMBER_OBJECT_CONVERSION = YES_AGGRESSIVE;
				CLANG_CXX_LANGUAGE_STANDARD = "gnu++14";
				CLANG_CXX_LIBRARY = "libc++";
				CLANG_ENABLE_MODULES = YES;
				CLANG_ENABLE_OBJC_ARC = YES;
				CLANG_ENABLE_OBJC_WEAK = YES;
				CLANG_WARN_BLOCK_CAPTURE_AUTORELEASING = YES;
				CLANG_WARN_BOOL_CONVERSION = YES;
				CLANG_WARN_COMMA = YES;
				CLANG_WARN_CONSTANT_CONVERSION = YES;
				CLANG_WARN_DEPRECATED_OBJC_IMPLEMENTATIONS = YES;
				CLANG_WARN_DIRECT_OBJC_ISA_USAGE = YES_ERROR;
				CLANG_WARN_DOCUMENTATION_COMMENTS = YES;
				CLANG_WARN_EMPTY_BODY = YES;
				CLANG_WARN_ENUM_CONVERSION = YES;
				CLANG_WARN_INFINITE_RECURSION = YES;
				CLANG_WARN_INT_CONVERSION = YES;
				CLANG_WARN_NON_LITERAL_NULL_CONVERSION = YES;
				CLANG_WARN_OBJC_IMPLICIT_RETAIN_SELF = YES;
				CLANG_WARN_OBJC_LITERAL_CONVERSION = YES;
				CLANG_WARN_OBJC_ROOT_CLASS = YES_ERROR;
				CLANG_WARN_RANGE_LOOP_ANALYSIS = YES;
				CLANG_WARN_STRICT_PROTOTYPES = YES;
				CLANG_WARN_SUSPICIOUS_MOVE = YES;
				CLANG_WARN_UNGUARDED_AVAILABILITY = YES_AGGRESSIVE;
				CLANG_WARN_UNREACHABLE_CODE = YES;
				CLANG_WARN__DUPLICATE_METHOD_MATCH = YES;
				COPY_PHASE_STRIP = NO;
				DEBUG_INFORMATION_FORMAT = "dwarf-with-dsym";
				ENABLE_NS_ASSERTIONS = NO;
				ENABLE_STRICT_OBJC_MSGSEND = YES;
				GCC_C_LANGUAGE_STANDARD = gnu11;
				GCC_NO_COMMON_BLOCKS = YES;
				GCC_WARN_64_TO_32_BIT_CONVERSION = YES;
				GCC_WARN_ABOUT_RETURN_TYPE = YES_ERROR;
				GCC_WARN_UNDECLARED_SELECTOR = YES;
				GCC_WARN_UNINITIALIZED_AUTOS = YES_AGGRESSIVE;
				GCC_WARN_UNUSED_FUNCTION = YES;
				GCC_WARN_UNUSED_VARIABLE = YES;
				IPHONEOS_DEPLOYMENT_TARGET = 13.2;
				MTL_ENABLE_DEBUG_INFO = NO;
				MTL_FAST_MATH = YES;
				SDKROOT = iphoneos;
				SWIFT_COMPILATION_MODE = wholemodule;
				SWIFT_OPTIMIZATION_LEVEL = "-O";
				VALIDATE_PRODUCT = YES;
			};
			name = Release;
		};
		A2CA56582451D9580040FE26 /* Debug */ = {
			isa = XCBuildConfiguration;
			buildSettings = {
				ASSETCATALOG_COMPILER_APPICON_NAME = AppIcon;
				CODE_SIGN_STYLE = Automatic;
				DEVELOPMENT_TEAM = MKA2JX7Z9J;
				INFOPLIST_FILE = "105350023-Calculator/Info.plist";
				LD_RUNPATH_SEARCH_PATHS = (
					"$(inherited)",
					"@executable_path/Frameworks",
				);
				PRODUCT_BUNDLE_IDENTIFIER = "Hisn-yu.-105350023-Calculator";
				PRODUCT_NAME = "$(TARGET_NAME)";
				SWIFT_VERSION = 5.0;
				TARGETED_DEVICE_FAMILY = "1,2";
			};
			name = Debug;
		};
		A2CA56592451D9580040FE26 /* Release */ = {
			isa = XCBuildConfiguration;
			buildSettings = {
				ASSETCATALOG_COMPILER_APPICON_NAME = AppIcon;
				CODE_SIGN_STYLE = Automatic;
				DEVELOPMENT_TEAM = MKA2JX7Z9J;
				INFOPLIST_FILE = "105350023-Calculator/Info.plist";
				LD_RUNPATH_SEARCH_PATHS = (
					"$(inherited)",
					"@executable_path/Frameworks",
				);
				PRODUCT_BUNDLE_IDENTIFIER = "Hisn-yu.-105350023-Calculator";
				PRODUCT_NAME = "$(TARGET_NAME)";
				SWIFT_VERSION = 5.0;
				TARGETED_DEVICE_FAMILY = "1,2";
			};
			name = Release;
		};
		A2CA565B2451D9580040FE26 /* Debug */ = {
			isa = XCBuildConfiguration;
			buildSettings = {
				ALWAYS_EMBED_SWIFT_STANDARD_LIBRARIES = YES;
				BUNDLE_LOADER = "$(TEST_HOST)";
				CODE_SIGN_STYLE = Automatic;
				DEVELOPMENT_TEAM = MKA2JX7Z9J;
				INFOPLIST_FILE = "105350023-CalculatorTests/Info.plist";
				IPHONEOS_DEPLOYMENT_TARGET = 13.2;
				LD_RUNPATH_SEARCH_PATHS = (
					"$(inherited)",
					"@executable_path/Frameworks",
					"@loader_path/Frameworks",
				);
				PRODUCT_BUNDLE_IDENTIFIER = "Hisn-yu.-05350023-CalculatorTests";
				PRODUCT_NAME = "$(TARGET_NAME)";
				SWIFT_VERSION = 5.0;
				TARGETED_DEVICE_FAMILY = "1,2";
				TEST_HOST = "$(BUILT_PRODUCTS_DIR)/105350023-Calculator.app/105350023-Calculator";
			};
			name = Debug;
		};
		A2CA565C2451D9580040FE26 /* Release */ = {
			isa = XCBuildConfiguration;
			buildSettings = {
				ALWAYS_EMBED_SWIFT_STANDARD_LIBRARIES = YES;
				BUNDLE_LOADER = "$(TEST_HOST)";
				CODE_SIGN_STYLE = Automatic;
				DEVELOPMENT_TEAM = MKA2JX7Z9J;
				INFOPLIST_FILE = "105350023-CalculatorTests/Info.plist";
				IPHONEOS_DEPLOYMENT_TARGET = 13.2;
				LD_RUNPATH_SEARCH_PATHS = (
					"$(inherited)",
					"@executable_path/Frameworks",
					"@loader_path/Frameworks",
				);
				PRODUCT_BUNDLE_IDENTIFIER = "Hisn-yu.-05350023-CalculatorTests";
				PRODUCT_NAME = "$(TARGET_NAME)";
				SWIFT_VERSION = 5.0;
				TARGETED_DEVICE_FAMILY = "1,2";
				TEST_HOST = "$(BUILT_PRODUCTS_DIR)/105350023-Calculator.app/105350023-Calculator";
			};
			name = Release;
		};
		A2CA565E2451D9580040FE26 /* Debug */ = {
			isa = XCBuildConfiguration;
			buildSettings = {
				ALWAYS_EMBED_SWIFT_STANDARD_LIBRARIES = YES;
				CODE_SIGN_STYLE = Automatic;
				DEVELOPMENT_TEAM = MKA2JX7Z9J;
				INFOPLIST_FILE = "105350023-CalculatorUITests/Info.plist";
				LD_RUNPATH_SEARCH_PATHS = (
					"$(inherited)",
					"@executable_path/Frameworks",
					"@loader_path/Frameworks",
				);
				PRODUCT_BUNDLE_IDENTIFIER = "Hisn-yu.-05350023-CalculatorUITests";
				PRODUCT_NAME = "$(TARGET_NAME)";
				SWIFT_VERSION = 5.0;
				TARGETED_DEVICE_FAMILY = "1,2";
				TEST_TARGET_NAME = "105350023-Calculator";
			};
			name = Debug;
		};
		A2CA565F2451D9580040FE26 /* Release */ = {
			isa = XCBuildConfiguration;
			buildSettings = {
				ALWAYS_EMBED_SWIFT_STANDARD_LIBRARIES = YES;
				CODE_SIGN_STYLE = Automatic;
				DEVELOPMENT_TEAM = MKA2JX7Z9J;
				INFOPLIST_FILE = "105350023-CalculatorUITests/Info.plist";
				LD_RUNPATH_SEARCH_PATHS = (
					"$(inherited)",
					"@executable_path/Frameworks",
					"@loader_path/Frameworks",
				);
				PRODUCT_BUNDLE_IDENTIFIER = "Hisn-yu.-05350023-CalculatorUITests";
				PRODUCT_NAME = "$(TARGET_NAME)";
				SWIFT_VERSION = 5.0;
				TARGETED_DEVICE_FAMILY = "1,2";
				TEST_TARGET_NAME = "105350023-Calculator";
			};
			name = Release;
		};
/* End XCBuildConfiguration section */

/* Begin XCConfigurationList section */
		A2CA56282451D9570040FE26 /* Build configuration list for PBXProject "105350023-Calculator" */ = {
			isa = XCConfigurationList;
			buildConfigurations = (
				A2CA56552451D9580040FE26 /* Debug */,
				A2CA56562451D9580040FE26 /* Release */,
			);
			defaultConfigurationIsVisible = 0;
			defaultConfigurationName = Release;
		};
		A2CA56572451D9580040FE26 /* Build configuration list for PBXNativeTarget "105350023-Calculator" */ = {
			isa = XCConfigurationList;
			buildConfigurations = (
				A2CA56582451D9580040FE26 /* Debug */,
				A2CA56592451D9580040FE26 /* Release */,
			);
			defaultConfigurationIsVisible = 0;
			defaultConfigurationName = Release;
		};
		A2CA565A2451D9580040FE26 /* Build configuration list for PBXNativeTarget "105350023-CalculatorTests" */ = {
			isa = XCConfigurationList;
			buildConfigurations = (
				A2CA565B2451D9580040FE26 /* Debug */,
				A2CA565C2451D9580040FE26 /* Release */,
			);
			defaultConfigurationIsVisible = 0;
			defaultConfigurationName = Release;
		};
		A2CA565D2451D9580040FE26 /* Build configuration list for PBXNativeTarget "105350023-CalculatorUITests" */ = {
			isa = XCConfigurationList;
			buildConfigurations = (
				A2CA565E2451D9580040FE26 /* Debug */,
				A2CA565F2451D9580040FE26 /* Release */,
			);
			defaultConfigurationIsVisible = 0;
			defaultConfigurationName = Release;
		};
/* End XCConfigurationList section */
	};
	rootObject = A2CA56252451D9570040FE26 /* Project object */;
}
